# THIS IS AN AUTOGENERATED FILE. DO NOT EDIT THIS FILE DIRECTLY.
# yarn lockfile v1


"argparse@^1.0.7":
  "integrity" "sha512-o5Roy6tNG4SL/FOkCAN6RzjiakZS25RLYFrcMttJqbdd8BWrnA+fGz57iN5Pb06pvBGvl5gQ0B48dJlslXvoTg=="
  "resolved" "https://registry.npmjs.org/argparse/-/argparse-1.0.10.tgz"
  "version" "1.0.10"
  dependencies:
    "sprintf-js" "~1.0.2"

"date-fns@^2.28.0":
  "integrity" "sha512-8d35hViGYx/QH0icHYCeLmsLmMUheMmTyV9Fcm6gvNwdw31yXXH+O85sOBJ+OLnLQMKZowvpKb6FgMIQjcpvQw=="
  "resolved" "https://registry.npmjs.org/date-fns/-/date-fns-2.28.0.tgz"
  "version" "2.28.0"

"esprima@^4.0.0":
  "integrity" "sha512-eGuFFw7Upda+g4p+QHvnW0RyTX/SVeJBDM/gCtMARO0cLuT2HcEKnTPvhjV6aGeqrCB/sbNop0Kszm0jsaWU4A=="
  "resolved" "https://registry.npmjs.org/esprima/-/esprima-4.0.1.tgz"
  "version" "4.0.1"

"extend-shallow@^2.0.1":
  "integrity" "sha1-Ua99YUrZqfYQ6huvu5idaxxWiQ8="
  "resolved" "https://registry.npmjs.org/extend-shallow/-/extend-shallow-2.0.1.tgz"
  "version" "2.0.1"
  dependencies:
    "is-extendable" "^0.1.0"

"gray-matter@^4.0.3":
  "integrity" "sha512-5v6yZd4JK3eMI3FqqCouswVqwugaA9r4dNZB1wwcmrD02QkV5H0y7XBQW8QwQqEaZY1pM9aqORSORhJRdNK44Q=="
  "resolved" "https://registry.npmjs.org/gray-matter/-/gray-matter-4.0.3.tgz"
  "version" "4.0.3"
  dependencies:
    "js-yaml" "^3.13.1"
    "kind-of" "^6.0.2"
    "section-matter" "^1.0.0"
    "strip-bom-string" "^1.0.0"

"is-extendable@^0.1.0":
  "integrity" "sha1-YrEQ4omkcUGOPsNqYX1HLjAd/Ik="
  "resolved" "https://registry.npmjs.org/is-extendable/-/is-extendable-0.1.1.tgz"
  "version" "0.1.1"

"js-yaml@^3.13.1":
  "integrity" "sha512-okMH7OXXJ7YrN9Ok3/SXrnu4iX9yOk+25nqX4imS2npuvTYDmo/QEZoqwZkYaIDk3jVvBOTOIEgEhaLOynBS9g=="
  "resolved" "https://registry.npmjs.org/js-yaml/-/js-yaml-3.14.1.tgz"
  "version" "3.14.1"
  dependencies:
    "argparse" "^1.0.7"
    "esprima" "^4.0.0"

"kind-of@^6.0.0", "kind-of@^6.0.2":
  "integrity" "sha512-dcS1ul+9tmeD95T+x28/ehLgd9mENa3LsvDTtzm3vyBEO7RPptvAD+t44WVXaUjTBRcrpFeFlC8WCruUR456hw=="
  "resolved" "https://registry.npmjs.org/kind-of/-/kind-of-6.0.3.tgz"
  "version" "6.0.3"

"lodash@^4.17.21":
  "integrity" "sha512-v2kDEe57lecTulaDIuNTPy3Ry4gLGJ6Z1O3vE1krgXZNrsQ+LFTGHVxVjcXPs17LhbZVGedAJv8XZ1tvj5FvSg=="
  "resolved" "https://registry.npmjs.org/lodash/-/lodash-4.17.21.tgz"
  "version" "4.17.21"

"marked@^4.0.15":
  "integrity" "sha512-esX5lPdTfG4p8LDkv+obbRCyOKzB+820ZZyMOXJZygZBHrH9b3xXR64X4kT3sPe9Nx8qQXbmcz6kFSMt4Nfk6Q=="
  "resolved" "https://registry.npmjs.org/marked/-/marked-4.0.15.tgz"
  "version" "4.0.15"

"prismjs@^1.28.0":
  "integrity" "sha512-8aaXdYvl1F7iC7Xm1spqSaY/OJBpYW3v+KJ+F17iYxvdc8sfjW194COK5wVhMZX45tGteiBQgdvD/nhxcRwylw=="
  "resolved" "https://registry.npmjs.org/prismjs/-/prismjs-1.28.0.tgz"
  "version" "1.28.0"

"section-matter@^1.0.0":
  "integrity" "sha512-vfD3pmTzGpufjScBh50YHKzEu2lxBWhVEHsNGoEXmCmn2hKGfeNLYMzCJpe8cD7gqX7TJluOVpBkAequ6dgMmA=="
  "resolved" "https://registry.npmjs.org/section-matter/-/section-matter-1.0.0.tgz"
  "version" "1.0.0"
  dependencies:
    "extend-shallow" "^2.0.1"
    "kind-of" "^6.0.0"

"sprintf-js@~1.0.2":
  "integrity" "sha1-BOaSb2YolTVPPdAVIDYzuFcpfiw="
  "resolved" "https://registry.npmjs.org/sprintf-js/-/sprintf-js-1.0.3.tgz"
  "version" "1.0.3"

"strip-bom-string@^1.0.0":
  "integrity" "sha1-5SEekiQ2n7uB1jOi8ABE3IztrZI="
  "resolved" "https://registry.npmjs.org/strip-bom-string/-/strip-bom-string-1.0.0.tgz"
  "version" "1.0.0"

"svelte@^3.48.0":
  "integrity" "sha512-fN2YRm/bGumvjUpu6yI3BpvZnpIm9I6A7HR4oUNYd7ggYyIwSA/BX7DJ+UXXffLp6XNcUijyLvttbPVCYa/3xQ=="
  "resolved" "https://registry.npmjs.org/svelte/-/svelte-3.48.0.tgz"
  "version" "3.48.0"
